// !$*UTF8*$!
{
	archiveVersion = 1;
	classes = {
	};
	objectVersion = 56;
	objects = {

/* Begin PBXBuildFile section */
		BF8878ED2C18E8CE0016CD83 /* EmojiLoverApp.swift in Sources */ = {isa = PBXBuildFile; fileRef = BF8878EC2C18E8CE0016CD83 /* EmojiLoverApp.swift */; };
		BF8878EF2C18E8CE0016CD83 /* ContentView.swift in Sources */ = {isa = PBXBuildFile; fileRef = BF8878EE2C18E8CE0016CD83 /* ContentView.swift */; };
		BF8878F12C18E8D30016CD83 /* Assets.xcassets in Resources */ = {isa = PBXBuildFile; fileRef = BF8878F02C18E8D30016CD83 /* Assets.xcassets */; };
		BF8878F42C18E8D30016CD83 /* Preview Assets.xcassets in Resources */ = {isa = PBXBuildFile; fileRef = BF8878F32C18E8D30016CD83 /* Preview Assets.xcassets */; };
		BF8878FE2C18E8D40016CD83 /* EmojiLoverTests.swift in Sources */ = {isa = PBXBuildFile; fileRef = BF8878FD2C18E8D40016CD83 /* EmojiLoverTests.swift */; };
		BF8879082C18E8D40016CD83 /* EmojiLoverUITests.swift in Sources */ = {isa = PBXBuildFile; fileRef = BF8879072C18E8D40016CD83 /* EmojiLoverUITests.swift */; };
		BF88790A2C18E8D40016CD83 /* EmojiLoverUITestsLaunchTests.swift in Sources */ = {isa = PBXBuildFile; fileRef = BF8879092C18E8D40016CD83 /* EmojiLoverUITestsLaunchTests.swift */; };
/* End PBXBuildFile section */

/* Begin PBXContainerItemProxy section */
		BF8878FA2C18E8D40016CD83 /* PBXContainerItemProxy */ = {
			isa = PBXContainerItemProxy;
			containerPortal = BF8878E12C18E8CE0016CD83 /* Project object */;
			proxyType = 1;
			remoteGlobalIDString = BF8878E82C18E8CE0016CD83;
			remoteInfo = EmojiLover;
		};
		BF8879042C18E8D40016CD83 /* PBXContainerItemProxy */ = {
			isa = PBXContainerItemProxy;
			containerPortal = BF8878E12C18E8CE0016CD83 /* Project object */;
			proxyType = 1;
			remoteGlobalIDString = BF8878E82C18E8CE0016CD83;
			remoteInfo = EmojiLover;
		};
/* End PBXContainerItemProxy section */

/* Begin PBXFileReference section */
		BF8878E92C18E8CE0016CD83 /* EmojiLover.app */ = {isa = PBXFileReference; explicitFileType = wrapper.application; includeInIndex = 0; path = EmojiLover.app; sourceTree = BUILT_PRODUCTS_DIR; };
		BF8878EC2C18E8CE0016CD83 /* EmojiLoverApp.swift */ = {isa = PBXFileReference; lastKnownFileType = sourcecode.swift; path = EmojiLoverApp.swift; sourceTree = "<group>"; };
		BF8878EE2C18E8CE0016CD83 /* ContentView.swift */ = {isa = PBXFileReference; lastKnownFileType = sourcecode.swift; path = ContentView.swift; sourceTree = "<group>"; };
		BF8878F02C18E8D30016CD83 /* Assets.xcassets */ = {isa = PBXFileReference; lastKnownFileType = folder.assetcatalog; path = Assets.xcassets; sourceTree = "<group>"; };
		BF8878F32C18E8D30016CD83 /* Preview Assets.xcassets */ = {isa = PBXFileReference; lastKnownFileType = folder.assetcatalog; path = "Preview Assets.xcassets"; sourceTree = "<group>"; };
		BF8878F92C18E8D40016CD83 /* EmojiLoverTests.xctest */ = {isa = PBXFileReference; explicitFileType = wrapper.cfbundle; includeInIndex = 0; path = EmojiLoverTests.xctest; sourceTree = BUILT_PRODUCTS_DIR; };
		BF8878FD2C18E8D40016CD83 /* EmojiLoverTests.swift */ = {isa = PBXFileReference; lastKnownFileType = sourcecode.swift; path = EmojiLoverTests.swift; sourceTree = "<group>"; };
		BF8879032C18E8D40016CD83 /* EmojiLoverUITests.xctest */ = {isa = PBXFileReference; explicitFileType = wrapper.cfbundle; includeInIndex = 0; path = EmojiLoverUITests.xctest; sourceTree = BUILT_PRODUCTS_DIR; };
		BF8879072C18E8D40016CD83 /* EmojiLoverUITests.swift */ = {isa = PBXFileReference; lastKnownFileType = sourcecode.swift; path = EmojiLoverUITests.swift; sourceTree = "<group>"; };
		BF8879092C18E8D40016CD83 /* EmojiLoverUITestsLaunchTests.swift */ = {isa = PBXFileReference; lastKnownFileType = sourcecode.swift; path = EmojiLoverUITestsLaunchTests.swift; sourceTree = "<group>"; };
/* End PBXFileReference section */

/* Begin PBXFrameworksBuildPhase section */
		BF8878E62C18E8CE0016CD83 /* Frameworks */ = {
			isa = PBXFrameworksBuildPhase;
			buildActionMask = 2147483647;
			files = (
			);
			runOnlyForDeploymentPostprocessing = 0;
		};
		BF8878F62C18E8D40016CD83 /* Frameworks */ = {
			isa = PBXFrameworksBuildPhase;
			buildActionMask = 2147483647;
			files = (
			);
			runOnlyForDeploymentPostprocessing = 0;
		};
		BF8879002C18E8D40016CD83 /* Frameworks */ = {
			isa = PBXFrameworksBuildPhase;
			buildActionMask = 2147483647;
			files = (
			);
			runOnlyForDeploymentPostprocessing = 0;
		};
/* End PBXFrameworksBuildPhase section */

/* Begin PBXGroup section */
		BF8878E02C18E8CE0016CD83 = {
			isa = PBXGroup;
			children = (
				BF8878EB2C18E8CE0016CD83 /* EmojiLover */,
				BF8878FC2C18E8D40016CD83 /* EmojiLoverTests */,
				BF8879062C18E8D40016CD83 /* EmojiLoverUITests */,
				BF8878EA2C18E8CE0016CD83 /* Products */,
			);
			sourceTree = "<group>";
		};
		BF8878EA2C18E8CE0016CD83 /* Products */ = {
			isa = PBXGroup;
			children = (
				BF8878E92C18E8CE0016CD83 /* EmojiLover.app */,
				BF8878F92C18E8D40016CD83 /* EmojiLoverTests.xctest */,
				BF8879032C18E8D40016CD83 /* EmojiLoverUITests.xctest */,
			);
			name = Products;
			sourceTree = "<group>";
		};
		BF8878EB2C18E8CE0016CD83 /* EmojiLover */ = {
			isa = PBXGroup;
			children = (
				BF8878EC2C18E8CE0016CD83 /* EmojiLoverApp.swift */,
				BF8878EE2C18E8CE0016CD83 /* ContentView.swift */,
				BF8878F02C18E8D30016CD83 /* Assets.xcassets */,
				BF8878F22C18E8D30016CD83 /* Preview Content */,
			);
			path = EmojiLover;
			sourceTree = "<group>";
		};
		BF8878F22C18E8D30016CD83 /* Preview Content */ = {
			isa = PBXGroup;
			children = (
				BF8878F32C18E8D30016CD83 /* Preview Assets.xcassets */,
			);
			path = "Preview Content";
			sourceTree = "<group>";
		};
		BF8878FC2C18E8D40016CD83 /* EmojiLoverTests */ = {
			isa = PBXGroup;
			children = (
				BF8878FD2C18E8D40016CD83 /* EmojiLoverTests.swift */,
			);
			path = EmojiLoverTests;
			sourceTree = "<group>";
		};
		BF8879062C18E8D40016CD83 /* EmojiLoverUITests */ = {
			isa = PBXGroup;
			children = (
				BF8879072C18E8D40016CD83 /* EmojiLoverUITests.swift */,
				BF8879092C18E8D40016CD83 /* EmojiLoverUITestsLaunchTests.swift */,
			);
			path = EmojiLoverUITests;
			sourceTree = "<group>";
		};
/* End PBXGroup section */

/* Begin PBXNativeTarget section */
		BF8878E82C18E8CE0016CD83 /* EmojiLover */ = {
			isa = PBXNativeTarget;
			buildConfigurationList = BF88790D2C18E8D40016CD83 /* Build configuration list for PBXNativeTarget "EmojiLover" */;
			buildPhases = (
				BF8878E52C18E8CE0016CD83 /* Sources */,
				BF8878E62C18E8CE0016CD83 /* Frameworks */,
				BF8878E72C18E8CE0016CD83 /* Resources */,
			);
			buildRules = (
			);
			dependencies = (
			);
			name = EmojiLover;
			productName = EmojiLover;
			productReference = BF8878E92C18E8CE0016CD83 /* EmojiLover.app */;
			productType = "com.apple.product-type.application";
		};
		BF8878F82C18E8D40016CD83 /* EmojiLoverTests */ = {
			isa = PBXNativeTarget;
			buildConfigurationList = BF8879102C18E8D40016CD83 /* Build configuration list for PBXNativeTarget "EmojiLoverTests" */;
			buildPhases = (
				BF8878F52C18E8D40016CD83 /* Sources */,
				BF8878F62C18E8D40016CD83 /* Frameworks */,
				BF8878F72C18E8D40016CD83 /* Resources */,
			);
			buildRules = (
			);
			dependencies = (
				BF8878FB2C18E8D40016CD83 /* PBXTargetDependency */,
			);
			name = EmojiLoverTests;
			productName = EmojiLoverTests;
			productReference = BF8878F92C18E8D40016CD83 /* EmojiLoverTests.xctest */;
			productType = "com.apple.product-type.bundle.unit-test";
		};
		BF8879022C18E8D40016CD83 /* EmojiLoverUITests */ = {
			isa = PBXNativeTarget;
			buildConfigurationList = BF8879132C18E8D40016CD83 /* Build configuration list for PBXNativeTarget "EmojiLoverUITests" */;
			buildPhases = (
				BF8878FF2C18E8D40016CD83 /* Sources */,
				BF8879002C18E8D40016CD83 /* Frameworks */,
				BF8879012C18E8D40016CD83 /* Resources */,
			);
			buildRules = (
			);
			dependencies = (
				BF8879052C18E8D40016CD83 /* PBXTargetDependency */,
			);
			name = EmojiLoverUITests;
			productName = EmojiLoverUITests;
			productReference = BF8879032C18E8D40016CD83 /* EmojiLoverUITests.xctest */;
			productType = "com.apple.product-type.bundle.ui-testing";
		};
/* End PBXNativeTarget section */

/* Begin PBXProject section */
		BF8878E12C18E8CE0016CD83 /* Project object */ = {
			isa = PBXProject;
			attributes = {
				BuildIndependentTargetsInParallel = 1;
				LastSwiftUpdateCheck = 1540;
				LastUpgradeCheck = 1540;
				TargetAttributes = {
					BF8878E82C18E8CE0016CD83 = {
						CreatedOnToolsVersion = 15.4;
					};
					BF8878F82C18E8D40016CD83 = {
						CreatedOnToolsVersion = 15.4;
						TestTargetID = BF8878E82C18E8CE0016CD83;
					};
					BF8879022C18E8D40016CD83 = {
						CreatedOnToolsVersion = 15.4;
						TestTargetID = BF8878E82C18E8CE0016CD83;
					};
				};
			};
			buildConfigurationList = BF8878E42C18E8CE0016CD83 /* Build configuration list for PBXProject "EmojiLover" */;
			compatibilityVersion = "Xcode 14.0";
			developmentRegion = en;
			hasScannedForEncodings = 0;
			knownRegions = (
				en,
				Base,
			);
			mainGroup = BF8878E02C18E8CE0016CD83;
			productRefGroup = BF8878EA2C18E8CE0016CD83 /* Products */;
			projectDirPath = "";
			projectRoot = "";
			targets = (
				BF8878E82C18E8CE0016CD83 /* EmojiLover */,
				BF8878F82C18E8D40016CD83 /* EmojiLoverTests */,
				BF8879022C18E8D40016CD83 /* EmojiLoverUITests */,
			);
		};
/* End PBXProject section */

/* Begin PBXResourcesBuildPhase section */
		BF8878E72C18E8CE0016CD83 /* Resources */ = {
			isa = PBXResourcesBuildPhase;
			buildActionMask = 2147483647;
			files = (
				BF8878F42C18E8D30016CD83 /* Preview Assets.xcassets in Resources */,
				BF8878F12C18E8D30016CD83 /* Assets.xcassets in Resources */,
			);
			runOnlyForDeploymentPostprocessing = 0;
		};
		BF8878F72C18E8D40016CD83 /* Resources */ = {
			isa = PBXResourcesBuildPhase;
			buildActionMask = 2147483647;
			files = (
			);
			runOnlyForDeploymentPostprocessing = 0;
		};
		BF8879012C18E8D40016CD83 /* Resources */ = {
			isa = PBXResourcesBuildPhase;
			buildActionMask = 2147483647;
			files = (
			);
			runOnlyForDeploymentPostprocessing = 0;
		};
/* End PBXResourcesBuildPhase section */

/* Begin PBXSourcesBuildPhase section */
		BF8878E52C18E8CE0016CD83 /* Sources */ = {
			isa = PBXSourcesBuildPhase;
			buildActionMask = 2147483647;
			files = (
				BF8878EF2C18E8CE0016CD83 /* ContentView.swift in Sources */,
				BF8878ED2C18E8CE0016CD83 /* EmojiLoverApp.swift in Sources */,
			);
			runOnlyForDeploymentPostprocessing = 0;
		};
		BF8878F52C18E8D40016CD83 /* Sources */ = {
			isa = PBXSourcesBuildPhase;
			buildActionMask = 2147483647;
			files = (
				BF8878FE2C18E8D40016CD83 /* EmojiLoverTests.swift in Sources */,
			);
			runOnlyForDeploymentPostprocessing = 0;
		};
		BF8878FF2C18E8D40016CD83 /* Sources */ = {
			isa = PBXSourcesBuildPhase;
			buildActionMask = 2147483647;
			files = (
				BF88790A2C18E8D40016CD83 /* EmojiLoverUITestsLaunchTests.swift in Sources */,
				BF8879082C18E8D40016CD83 /* EmojiLoverUITests.swift in Sources */,
			);
			runOnlyForDeploymentPostprocessing = 0;
		};
/* End PBXSourcesBuildPhase section */

/* Begin PBXTargetDependency section */
		BF8878FB2C18E8D40016CD83 /* PBXTargetDependency */ = {
			isa = PBXTargetDependency;
			target = BF8878E82C18E8CE0016CD83 /* EmojiLover */;
			targetProxy = BF8878FA2C18E8D40016CD83 /* PBXContainerItemProxy */;
		};
		BF8879052C18E8D40016CD83 /* PBXTargetDependency */ = {
			isa = PBXTargetDependency;
			target = BF8878E82C18E8CE0016CD83 /* EmojiLover */;
			targetProxy = BF8879042C18E8D40016CD83 /* PBXContainerItemProxy */;
		};
/* End PBXTargetDependency section */

/* Begin XCBuildConfiguration section */
		BF88790B2C18E8D40016CD83 /* Debug */ = {
			isa = XCBuildConfiguration;
			buildSettings = {
				ALWAYS_SEARCH_USER_PATHS = NO;
				ASSETCATALOG_COMPILER_GENERATE_SWIFT_ASSET_SYMBOL_EXTENSIONS = YES;
				CLANG_ANALYZER_NONNULL = YES;
				CLANG_ANALYZER_NUMBER_OBJECT_CONVERSION = YES_AGGRESSIVE;
				CLANG_CXX_LANGUAGE_STANDARD = "gnu++20";
				CLANG_ENABLE_MODULES = YES;
				CLANG_ENABLE_OBJC_ARC = YES;
				CLANG_ENABLE_OBJC_WEAK = YES;
				CLANG_WARN_BLOCK_CAPTURE_AUTORELEASING = YES;
				CLANG_WARN_BOOL_CONVERSION = YES;
				CLANG_WARN_COMMA = YES;
				CLANG_WARN_CONSTANT_CONVERSION = YES;
				CLANG_WARN_DEPRECATED_OBJC_IMPLEMENTATIONS = YES;
				CLANG_WARN_DIRECT_OBJC_ISA_USAGE = YES_ERROR;
				CLANG_WARN_DOCUMENTATION_COMMENTS = YES;
				CLANG_WARN_EMPTY_BODY = YES;
				CLANG_WARN_ENUM_CONVERSION = YES;
				CLANG_WARN_INFINITE_RECURSION = YES;
				CLANG_WARN_INT_CONVERSION = YES;
				CLANG_WARN_NON_LITERAL_NULL_CONVERSION = YES;
				CLANG_WARN_OBJC_IMPLICIT_RETAIN_SELF = YES;
				CLANG_WARN_OBJC_LITERAL_CONVERSION = YES;
				CLANG_WARN_OBJC_ROOT_CLASS = YES_ERROR;
				CLANG_WARN_QUOTED_INCLUDE_IN_FRAMEWORK_HEADER = YES;
				CLANG_WARN_RANGE_LOOP_ANALYSIS = YES;
				CLANG_WARN_STRICT_PROTOTYPES = YES;
				CLANG_WARN_SUSPICIOUS_MOVE = YES;
				CLANG_WARN_UNGUARDED_AVAILABILITY = YES_AGGRESSIVE;
				CLANG_WARN_UNREACHABLE_CODE = YES;
				CLANG_WARN__DUPLICATE_METHOD_MATCH = YES;
				COPY_PHASE_STRIP = NO;
				DEBUG_INFORMATION_FORMAT = dwarf;
				ENABLE_STRICT_OBJC_MSGSEND = YES;
				ENABLE_TESTABILITY = YES;
				ENABLE_USER_SCRIPT_SANDBOXING = YES;
				GCC_C_LANGUAGE_STANDARD = gnu17;
				GCC_DYNAMIC_NO_PIC = NO;
				GCC_NO_COMMON_BLOCKS = YES;
				GCC_OPTIMIZATION_LEVEL = 0;
				GCC_PREPROCESSOR_DEFINITIONS = (
					"DEBUG=1",
					"$(inherited)",
				);
				GCC_WARN_64_TO_32_BIT_CONVERSION = YES;
				GCC_WARN_ABOUT_RETURN_TYPE = YES_ERROR;
				GCC_WARN_UNDECLARED_SELECTOR = YES;
				GCC_WARN_UNINITIALIZED_AUTOS = YES_AGGRESSIVE;
				GCC_WARN_UNUSED_FUNCTION = YES;
				GCC_WARN_UNUSED_VARIABLE = YES;
				IPHONEOS_DEPLOYMENT_TARGET = 17.5;
				LOCALIZATION_PREFERS_STRING_CATALOGS = YES;
				MTL_ENABLE_DEBUG_INFO = INCLUDE_SOURCE;
				MTL_FAST_MATH = YES;
				ONLY_ACTIVE_ARCH = YES;
				SDKROOT = iphoneos;
				SWIFT_ACTIVE_COMPILATION_CONDITIONS = "DEBUG $(inherited)";
				SWIFT_OPTIMIZATION_LEVEL = "-Onone";
			};
			name = Debug;
		};
		BF88790C2C18E8D40016CD83 /* Release */ = {
			isa = XCBuildConfiguration;
			buildSettings = {
				ALWAYS_SEARCH_USER_PATHS = NO;
				ASSETCATALOG_COMPILER_GENERATE_SWIFT_ASSET_SYMBOL_EXTENSIONS = YES;
				CLANG_ANALYZER_NONNULL = YES;
				CLANG_ANALYZER_NUMBER_OBJECT_CONVERSION = YES_AGGRESSIVE;
				CLANG_CXX_LANGUAGE_STANDARD = "gnu++20";
				CLANG_ENABLE_MODULES = YES;
				CLANG_ENABLE_OBJC_ARC = YES;
				CLANG_ENABLE_OBJC_WEAK = YES;
				CLANG_WARN_BLOCK_CAPTURE_AUTORELEASING = YES;
				CLANG_WARN_BOOL_CONVERSION = YES;
				CLANG_WARN_COMMA = YES;
				CLANG_WARN_CONSTANT_CONVERSION = YES;
				CLANG_WARN_DEPRECATED_OBJC_IMPLEMENTATIONS = YES;
				CLANG_WARN_DIRECT_OBJC_ISA_USAGE = YES_ERROR;
				CLANG_WARN_DOCUMENTATION_COMMENTS = YES;
				CLANG_WARN_EMPTY_BODY = YES;
				CLANG_WARN_ENUM_CONVERSION = YES;
				CLANG_WARN_INFINITE_RECURSION = YES;
				CLANG_WARN_INT_CONVERSION = YES;
				CLANG_WARN_NON_LITERAL_NULL_CONVERSION = YES;
				CLANG_WARN_OBJC_IMPLICIT_RETAIN_SELF = YES;
				CLANG_WARN_OBJC_LITERAL_CONVERSION = YES;
				CLANG_WARN_OBJC_ROOT_CLASS = YES_ERROR;
				CLANG_WARN_QUOTED_INCLUDE_IN_FRAMEWORK_HEADER = YES;
				CLANG_WARN_RANGE_LOOP_ANALYSIS = YES;
				CLANG_WARN_STRICT_PROTOTYPES = YES;
				CLANG_WARN_SUSPICIOUS_MOVE = YES;
				CLANG_WARN_UNGUARDED_AVAILABILITY = YES_AGGRESSIVE;
				CLANG_WARN_UNREACHABLE_CODE = YES;
				CLANG_WARN__DUPLICATE_METHOD_MATCH = YES;
				COPY_PHASE_STRIP = NO;
				DEBUG_INFORMATION_FORMAT = "dwarf-with-dsym";
				ENABLE_NS_ASSERTIONS = NO;
				ENABLE_STRICT_OBJC_MSGSEND = YES;
				ENABLE_USER_SCRIPT_SANDBOXING = YES;
				GCC_C_LANGUAGE_STANDARD = gnu17;
				GCC_NO_COMMON_BLOCKS = YES;
				GCC_WARN_64_TO_32_BIT_CONVERSION = YES;
				GCC_WARN_ABOUT_RETURN_TYPE = YES_ERROR;
				GCC_WARN_UNDECLARED_SELECTOR = YES;
				GCC_WARN_UNINITIALIZED_AUTOS = YES_AGGRESSIVE;
				GCC_WARN_UNUSED_FUNCTION = YES;
				GCC_WARN_UNUSED_VARIABLE = YES;
				IPHONEOS_DEPLOYMENT_TARGET = 17.5;
				LOCALIZATION_PREFERS_STRING_CATALOGS = YES;
				MTL_ENABLE_DEBUG_INFO = NO;
				MTL_FAST_MATH = YES;
				SDKROOT = iphoneos;
				SWIFT_COMPILATION_MODE = wholemodule;
				VALIDATE_PRODUCT = YES;
			};
			name = Release;
		};
		BF88790E2C18E8D40016CD83 /* Debug */ = {
			isa = XCBuildConfiguration;
			buildSettings = {
				ASSETCATALOG_COMPILER_APPICON_NAME = AppIcon;
				ASSETCATALOG_COMPILER_GLOBAL_ACCENT_COLOR_NAME = AccentColor;
				CODE_SIGN_STYLE = Automatic;
				CURRENT_PROJECT_VERSION = 1;
				DEVELOPMENT_ASSET_PATHS = "\"EmojiLover/Preview Content\"";
				ENABLE_PREVIEWS = YES;
				GENERATE_INFOPLIST_FILE = YES;
				INFOPLIST_KEY_UIApplicationSceneManifest_Generation = YES;
				INFOPLIST_KEY_UIApplicationSupportsIndirectInputEvents = YES;
				INFOPLIST_KEY_UILaunchScreen_Generation = YES;
				INFOPLIST_KEY_UISupportedInterfaceOrientations_iPad = "UIInterfaceOrientationPortrait UIInterfaceOrientationPortraitUpsideDown UIInterfaceOrientationLandscapeLeft UIInterfaceOrientationLandscapeRight";
				INFOPLIST_KEY_UISupportedInterfaceOrientations_iPhone = "UIInterfaceOrientationPortrait UIInterfaceOrientationLandscapeLeft UIInterfaceOrientationLandscapeRight";
				LD_RUNPATH_SEARCH_PATHS = (
					"$(inherited)",
					"@executable_path/Frameworks",
				);
				MARKETING_VERSION = 1.0;
				PRODUCT_BUNDLE_IDENTIFIER = alanhu.EmojiLover;
				PRODUCT_NAME = "$(TARGET_NAME)";
				SWIFT_EMIT_LOC_STRINGS = YES;
				SWIFT_VERSION = 5.0;
				TARGETED_DEVICE_FAMILY = "1,2";
			};
			name = Debug;
		};
		BF88790F2C18E8D40016CD83 /* Release */ = {
			isa = XCBuildConfiguration;
			buildSettings = {
				ASSETCATALOG_COMPILER_APPICON_NAME = AppIcon;
				ASSETCATALOG_COMPILER_GLOBAL_ACCENT_COLOR_NAME = AccentColor;
				CODE_SIGN_STYLE = Automatic;
				CURRENT_PROJECT_VERSION = 1;
				DEVELOPMENT_ASSET_PATHS = "\"EmojiLover/Preview Content\"";
				ENABLE_PREVIEWS = YES;
				GENERATE_INFOPLIST_FILE = YES;
				INFOPLIST_KEY_UIApplicationSceneManifest_Generation = YES;
				INFOPLIST_KEY_UIApplicationSupportsIndirectInputEvents = YES;
				INFOPLIST_KEY_UILaunchScreen_Generation = YES;
				INFOPLIST_KEY_UISupportedInterfaceOrientations_iPad = "UIInterfaceOrientationPortrait UIInterfaceOrientationPortraitUpsideDown UIInterfaceOrientationLandscapeLeft UIInterfaceOrientationLandscapeRight";
				INFOPLIST_KEY_UISupportedInterfaceOrientations_iPhone = "UIInterfaceOrientationPortrait UIInterfaceOrientationLandscapeLeft UIInterfaceOrientationLandscapeRight";
				LD_RUNPATH_SEARCH_PATHS = (
					"$(inherited)",
					"@executable_path/Frameworks",
				);
				MARKETING_VERSION = 1.0;
				PRODUCT_BUNDLE_IDENTIFIER = alanhu.EmojiLover;
				PRODUCT_NAME = "$(TARGET_NAME)";
				SWIFT_EMIT_LOC_STRINGS = YES;
				SWIFT_VERSION = 5.0;
				TARGETED_DEVICE_FAMILY = "1,2";
			};
			name = Release;
		};
		BF8879112C18E8D40016CD83 /* Debug */ = {
			isa = XCBuildConfiguration;
			buildSettings = {
				ALWAYS_EMBED_SWIFT_STANDARD_LIBRARIES = YES;
				BUNDLE_LOADER = "$(TEST_HOST)";
				CODE_SIGN_STYLE = Automatic;
				CURRENT_PROJECT_VERSION = 1;
				GENERATE_INFOPLIST_FILE = YES;
				IPHONEOS_DEPLOYMENT_TARGET = 17.5;
				MARKETING_VERSION = 1.0;
				PRODUCT_BUNDLE_IDENTIFIER = alanhu.EmojiLoverTests;
				PRODUCT_NAME = "$(TARGET_NAME)";
				SWIFT_EMIT_LOC_STRINGS = NO;
				SWIFT_VERSION = 5.0;
				TARGETED_DEVICE_FAMILY = "1,2";
				TEST_HOST = "$(BUILT_PRODUCTS_DIR)/EmojiLover.app/$(BUNDLE_EXECUTABLE_FOLDER_PATH)/EmojiLover";
			};
			name = Debug;
		};
		BF8879122C18E8D40016CD83 /* Release */ = {
			isa = XCBuildConfiguration;
			buildSettings = {
				ALWAYS_EMBED_SWIFT_STANDARD_LIBRARIES = YES;
				BUNDLE_LOADER = "$(TEST_HOST)";
				CODE_SIGN_STYLE = Automatic;
				CURRENT_PROJECT_VERSION = 1;
				GENERATE_INFOPLIST_FILE = YES;
				IPHONEOS_DEPLOYMENT_TARGET = 17.5;
				MARKETING_VERSION = 1.0;
				PRODUCT_BUNDLE_IDENTIFIER = alanhu.EmojiLoverTests;
				PRODUCT_NAME = "$(TARGET_NAME)";
				SWIFT_EMIT_LOC_STRINGS = NO;
				SWIFT_VERSION = 5.0;
				TARGETED_DEVICE_FAMILY = "1,2";
				TEST_HOST = "$(BUILT_PRODUCTS_DIR)/EmojiLover.app/$(BUNDLE_EXECUTABLE_FOLDER_PATH)/EmojiLover";
			};
			name = Release;
		};
		BF8879142C18E8D40016CD83 /* Debug */ = {
			isa = XCBuildConfiguration;
			buildSettings = {
				ALWAYS_EMBED_SWIFT_STANDARD_LIBRARIES = YES;
				CODE_SIGN_STYLE = Automatic;
				CURRENT_PROJECT_VERSION = 1;
				GENERATE_INFOPLIST_FILE = YES;
				MARKETING_VERSION = 1.0;
				PRODUCT_BUNDLE_IDENTIFIER = alanhu.EmojiLoverUITests;
				PRODUCT_NAME = "$(TARGET_NAME)";
				SWIFT_EMIT_LOC_STRINGS = NO;
				SWIFT_VERSION = 5.0;
				TARGETED_DEVICE_FAMILY = "1,2";
				TEST_TARGET_NAME = EmojiLover;
			};
			name = Debug;
		};
		BF8879152C18E8D40016CD83 /* Release */ = {
			isa = XCBuildConfiguration;
			buildSettings = {
				ALWAYS_EMBED_SWIFT_STANDARD_LIBRARIES = YES;
				CODE_SIGN_STYLE = Automatic;
				CURRENT_PROJECT_VERSION = 1;
				GENERATE_INFOPLIST_FILE = YES;
				MARKETING_VERSION = 1.0;
				PRODUCT_BUNDLE_IDENTIFIER = alanhu.EmojiLoverUITests;
				PRODUCT_NAME = "$(TARGET_NAME)";
				SWIFT_EMIT_LOC_STRINGS = NO;
				SWIFT_VERSION = 5.0;
				TARGETED_DEVICE_FAMILY = "1,2";
				TEST_TARGET_NAME = EmojiLover;
			};
			name = Release;
		};
/* End XCBuildConfiguration section */

/* Begin XCConfigurationList section */
		BF8878E42C18E8CE0016CD83 /* Build configuration list for PBXProject "EmojiLover" */ = {
			isa = XCConfigurationList;
			buildConfigurations = (
				BF88790B2C18E8D40016CD83 /* Debug */,
				BF88790C2C18E8D40016CD83 /* Release */,
			);
			defaultConfigurationIsVisible = 0;
			defaultConfigurationName = Release;
		};
		BF88790D2C18E8D40016CD83 /* Build configuration list for PBXNativeTarget "EmojiLover" */ = {
			isa = XCConfigurationList;
			buildConfigurations = (
				BF88790E2C18E8D40016CD83 /* Debug */,
				BF88790F2C18E8D40016CD83 /* Release */,
			);
			defaultConfigurationIsVisible = 0;
			defaultConfigurationName = Release;
		};
		BF8879102C18E8D40016CD83 /* Build configuration list for PBXNativeTarget "EmojiLoverTests" */ = {
			isa = XCConfigurationList;
			buildConfigurations = (
				BF8879112C18E8D40016CD83 /* Debug */,
				BF8879122C18E8D40016CD83 /* Release */,
			);
			defaultConfigurationIsVisible = 0;
			defaultConfigurationName = Release;
		};
		BF8879132C18E8D40016CD83 /* Build configuration list for PBXNativeTarget "EmojiLoverUITests" */ = {
			isa = XCConfigurationList;
			buildConfigurations = (
				BF8879142C18E8D40016CD83 /* Debug */,
				BF8879152C18E8D40016CD83 /* Release */,
			);
			defaultConfigurationIsVisible = 0;
			defaultConfigurationName = Release;
		};
/* End XCConfigurationList section */
	};
	rootObject = BF8878E12C18E8CE0016CD83 /* Project object */;
}
